
Microsoft Visual Studio Solution File, Format Version 12.00
# Visual Studio Version 17
VisualStudioVersion = 17.0.32014.148
MinimumVisualStudioVersion = 10.0.40219.1
Project("{9A19103F-16F7-4668-BE54-9A1E7A4F7556}") = "Supermarket.Web", "Supermarket\Supermarket.Web.csproj", "{8AC13170-EE39-4386-9FF2-E7D6E23BAEC4}"
EndProject
Project("{9A19103F-16F7-4668-BE54-9A1E7A4F7556}") = "Supermarket.Database", "Supermarket.Database\Supermarket.Database.csproj", "{E98EFBFA-F8E6-41D4-BF1B-494716DB6BDE}"
EndProject
Project("{9A19103F-16F7-4668-BE54-9A1E7A4F7556}") = "Supermarket.Core", "Supermarket.Core\Supermarket.Core.csproj", "{BF226F82-1B40-4B13-8069-27FE6B362552}"
EndProject
Project("{9A19103F-16F7-4668-BE54-9A1E7A4F7556}") = "Supermarket.Shared", "Supermarket.Shared\Supermarket.Shared.csproj", "{65F9B2DF-84CA-4A53-AB85-2107A7D9B425}"
EndProject
Global
	GlobalSection(SolutionConfigurationPlatforms) = preSolution
		Debug|Any CPU = Debug|Any CPU
		Release|Any CPU = Release|Any CPU
	EndGlobalSection
	GlobalSection(ProjectConfigurationPlatforms) = postSolution
		{8AC13170-EE39-4386-9FF2-E7D6E23BAEC4}.Debug|Any CPU.ActiveCfg = Debug|Any CPU
		{8AC13170-EE39-4386-9FF2-E7D6E23BAEC4}.Debug|Any CPU.Build.0 = Debug|Any CPU
		{8AC13170-EE39-4386-9FF2-E7D6E23BAEC4}.Release|Any CPU.ActiveCfg = Release|Any CPU
		{8AC13170-EE39-4386-9FF2-E7D6E23BAEC4}.Release|Any CPU.Build.0 = Release|Any CPU
		{E98EFBFA-F8E6-41D4-BF1B-494716DB6BDE}.Debug|Any CPU.ActiveCfg = Debug|Any CPU
		{E98EFBFA-F8E6-41D4-BF1B-494716DB6BDE}.Debug|Any CPU.Build.0 = Debug|Any CPU
		{E98EFBFA-F8E6-41D4-BF1B-494716DB6BDE}.Release|Any CPU.ActiveCfg = Release|Any CPU
		{E98EFBFA-F8E6-41D4-BF1B-494716DB6BDE}.Release|Any CPU.Build.0 = Release|Any CPU
		{BF226F82-1B40-4B13-8069-27FE6B362552}.Debug|Any CPU.ActiveCfg = Debug|Any CPU
		{BF226F82-1B40-4B13-8069-27FE6B362552}.Debug|Any CPU.Build.0 = Debug|Any CPU
		{BF226F82-1B40-4B13-8069-27FE6B362552}.Release|Any CPU.ActiveCfg = Release|Any CPU
		{BF226F82-1B40-4B13-8069-27FE6B362552}.Release|Any CPU.Build.0 = Release|Any CPU
		{65F9B2DF-84CA-4A53-AB85-2107A7D9B425}.Debug|Any CPU.ActiveCfg = Debug|Any CPU
		{65F9B2DF-84CA-4A53-AB85-2107A7D9B425}.Debug|Any CPU.Build.0 = Debug|Any CPU
		{65F9B2DF-84CA-4A53-AB85-2107A7D9B425}.Release|Any CPU.ActiveCfg = Release|Any CPU
		{65F9B2DF-84CA-4A53-AB85-2107A7D9B425}.Release|Any CPU.Build.0 = Release|Any CPU
	EndGlobalSection
	GlobalSection(SolutionProperties) = preSolution
		HideSolutionNode = FALSE
	EndGlobalSection
	GlobalSection(ExtensibilityGlobals) = postSolution
		SolutionGuid = {FABD97F1-21C8-470A-8508-761BE47D7D22}
	EndGlobalSection
EndGlobal
